
Microsoft Visual Studio Solution File, Format Version 12.00
Project("{FAE04EC0-301F-11D3-BF4B-00C04F79EFBC}") = "okyo.tokyo.webapi", "okyo.tokyo.webapi\okyo.tokyo.webapi.csproj", "{FDA4E154-8893-4C96-8B1A-6F6C8B8BF095}"
EndProject
Global
	GlobalSection(SolutionConfigurationPlatforms) = preSolution
		Debug|Any CPU = Debug|Any CPU
		Release|Any CPU = Release|Any CPU
	EndGlobalSection
	GlobalSection(ProjectConfigurationPlatforms) = postSolution
		{FDA4E154-8893-4C96-8B1A-6F6C8B8BF095}.Debug|Any CPU.ActiveCfg = Debug|Any CPU
		{FDA4E154-8893-4C96-8B1A-6F6C8B8BF095}.Debug|Any CPU.Build.0 = Debug|Any CPU
		{FDA4E154-8893-4C96-8B1A-6F6C8B8BF095}.Release|Any CPU.ActiveCfg = Release|Any CPU
		{FDA4E154-8893-4C96-8B1A-6F6C8B8BF095}.Release|Any CPU.Build.0 = Release|Any CPU
	EndGlobalSection
EndGlobal
